// !$*UTF8*$!
{
	archiveVersion = 1;
	classes = {
	};
	objectVersion = 50;
	objects = {

/* Begin PBXBuildFile section */
		223FF510224E1B1200D9C48A /* AppDelegate.swift in Sources */ = {isa = PBXBuildFile; fileRef = 223FF50F224E1B1200D9C48A /* AppDelegate.swift */; };
		223FF512224E1B1200D9C48A /* PhotoStreamViewController.swift in Sources */ = {isa = PBXBuildFile; fileRef = 223FF511224E1B1200D9C48A /* PhotoStreamViewController.swift */; };
		223FF515224E1B1200D9C48A /* Main.storyboard in Resources */ = {isa = PBXBuildFile; fileRef = 223FF513224E1B1200D9C48A /* Main.storyboard */; };
		223FF517224E1B1300D9C48A /* Assets.xcassets in Resources */ = {isa = PBXBuildFile; fileRef = 223FF516224E1B1300D9C48A /* Assets.xcassets */; };
		223FF51A224E1B1300D9C48A /* LaunchScreen.storyboard in Resources */ = {isa = PBXBuildFile; fileRef = 223FF518224E1B1300D9C48A /* LaunchScreen.storyboard */; };
		223FF525224E1B1400D9C48A /* WalkaboutTests.swift in Sources */ = {isa = PBXBuildFile; fileRef = 223FF524224E1B1400D9C48A /* WalkaboutTests.swift */; };
		223FF531224E1C1800D9C48A /* Photo.swift in Sources */ = {isa = PBXBuildFile; fileRef = 223FF530224E1C1800D9C48A /* Photo.swift */; };
		223FF532224E1C1800D9C48A /* Photo.swift in Sources */ = {isa = PBXBuildFile; fileRef = 223FF530224E1C1800D9C48A /* Photo.swift */; };
		223FF537224E1DA400D9C48A /* RxSwift.framework in Frameworks */ = {isa = PBXBuildFile; fileRef = 223FF534224E1DA400D9C48A /* RxSwift.framework */; };
		223FF538224E1DA400D9C48A /* Kingfisher.framework in Frameworks */ = {isa = PBXBuildFile; fileRef = 223FF535224E1DA400D9C48A /* Kingfisher.framework */; };
		223FF539224E1DA400D9C48A /* RxCocoa.framework in Frameworks */ = {isa = PBXBuildFile; fileRef = 223FF536224E1DA400D9C48A /* RxCocoa.framework */; };
		223FF53B224E1DB000D9C48A /* Kingfisher.framework in CopyFiles */ = {isa = PBXBuildFile; fileRef = 223FF535224E1DA400D9C48A /* Kingfisher.framework */; settings = {ATTRIBUTES = (CodeSignOnCopy, RemoveHeadersOnCopy, ); }; };
		223FF53C224E1DB000D9C48A /* RxCocoa.framework in CopyFiles */ = {isa = PBXBuildFile; fileRef = 223FF536224E1DA400D9C48A /* RxCocoa.framework */; settings = {ATTRIBUTES = (CodeSignOnCopy, RemoveHeadersOnCopy, ); }; };
		223FF53D224E1DB000D9C48A /* RxSwift.framework in CopyFiles */ = {isa = PBXBuildFile; fileRef = 223FF534224E1DA400D9C48A /* RxSwift.framework */; settings = {ATTRIBUTES = (CodeSignOnCopy, RemoveHeadersOnCopy, ); }; };
		223FF53E224E1DD800D9C48A /* Kingfisher.framework in Frameworks */ = {isa = PBXBuildFile; fileRef = 223FF535224E1DA400D9C48A /* Kingfisher.framework */; };
		223FF53F224E1DD800D9C48A /* RxSwift.framework in Frameworks */ = {isa = PBXBuildFile; fileRef = 223FF534224E1DA400D9C48A /* RxSwift.framework */; };
		223FF540224E1DD800D9C48A /* RxCocoa.framework in Frameworks */ = {isa = PBXBuildFile; fileRef = 223FF536224E1DA400D9C48A /* RxCocoa.framework */; };
		223FF547224E1DD800D9C48A /* OHHTTPStubs.framework in Frameworks */ = {isa = PBXBuildFile; fileRef = 223FF541224E1DD800D9C48A /* OHHTTPStubs.framework */; };
		223FF548224E1DD800D9C48A /* RxAtomic.framework in Frameworks */ = {isa = PBXBuildFile; fileRef = 223FF542224E1DD800D9C48A /* RxAtomic.framework */; };
		223FF549224E1DD800D9C48A /* Quick.framework in Frameworks */ = {isa = PBXBuildFile; fileRef = 223FF543224E1DD800D9C48A /* Quick.framework */; };
		223FF54A224E1DD800D9C48A /* RxBlocking.framework in Frameworks */ = {isa = PBXBuildFile; fileRef = 223FF544224E1DD800D9C48A /* RxBlocking.framework */; };
		223FF54B224E1DD800D9C48A /* RxTest.framework in Frameworks */ = {isa = PBXBuildFile; fileRef = 223FF545224E1DD800D9C48A /* RxTest.framework */; };
		223FF54C224E1DD800D9C48A /* Nimble.framework in Frameworks */ = {isa = PBXBuildFile; fileRef = 223FF546224E1DD800D9C48A /* Nimble.framework */; };
		223FF54E224E1DE600D9C48A /* Nimble.framework in CopyFiles */ = {isa = PBXBuildFile; fileRef = 223FF546224E1DD800D9C48A /* Nimble.framework */; settings = {ATTRIBUTES = (CodeSignOnCopy, RemoveHeadersOnCopy, ); }; };
		223FF54F224E1DE600D9C48A /* OHHTTPStubs.framework in CopyFiles */ = {isa = PBXBuildFile; fileRef = 223FF541224E1DD800D9C48A /* OHHTTPStubs.framework */; settings = {ATTRIBUTES = (CodeSignOnCopy, RemoveHeadersOnCopy, ); }; };
		223FF550224E1DE600D9C48A /* Quick.framework in CopyFiles */ = {isa = PBXBuildFile; fileRef = 223FF543224E1DD800D9C48A /* Quick.framework */; settings = {ATTRIBUTES = (CodeSignOnCopy, RemoveHeadersOnCopy, ); }; };
		223FF551224E1DE600D9C48A /* RxAtomic.framework in CopyFiles */ = {isa = PBXBuildFile; fileRef = 223FF542224E1DD800D9C48A /* RxAtomic.framework */; settings = {ATTRIBUTES = (CodeSignOnCopy, RemoveHeadersOnCopy, ); }; };
		223FF552224E1DE600D9C48A /* RxBlocking.framework in CopyFiles */ = {isa = PBXBuildFile; fileRef = 223FF544224E1DD800D9C48A /* RxBlocking.framework */; settings = {ATTRIBUTES = (CodeSignOnCopy, RemoveHeadersOnCopy, ); }; };
		223FF553224E1DE600D9C48A /* RxTest.framework in CopyFiles */ = {isa = PBXBuildFile; fileRef = 223FF545224E1DD800D9C48A /* RxTest.framework */; settings = {ATTRIBUTES = (CodeSignOnCopy, RemoveHeadersOnCopy, ); }; };
		223FF554224E1DE600D9C48A /* Kingfisher.framework in CopyFiles */ = {isa = PBXBuildFile; fileRef = 223FF535224E1DA400D9C48A /* Kingfisher.framework */; settings = {ATTRIBUTES = (CodeSignOnCopy, RemoveHeadersOnCopy, ); }; };
		223FF555224E1DE600D9C48A /* RxCocoa.framework in CopyFiles */ = {isa = PBXBuildFile; fileRef = 223FF536224E1DA400D9C48A /* RxCocoa.framework */; settings = {ATTRIBUTES = (CodeSignOnCopy, RemoveHeadersOnCopy, ); }; };
		223FF556224E1DE600D9C48A /* RxSwift.framework in CopyFiles */ = {isa = PBXBuildFile; fileRef = 223FF534224E1DA400D9C48A /* RxSwift.framework */; settings = {ATTRIBUTES = (CodeSignOnCopy, RemoveHeadersOnCopy, ); }; };
		223FF559224E1F9800D9C48A /* LocationProvidable.swift in Sources */ = {isa = PBXBuildFile; fileRef = 223FF558224E1F9800D9C48A /* LocationProvidable.swift */; };
		223FF55A224E1F9800D9C48A /* LocationProvidable.swift in Sources */ = {isa = PBXBuildFile; fileRef = 223FF558224E1F9800D9C48A /* LocationProvidable.swift */; };
		223FF55C224E1FD100D9C48A /* LocationManagerConfigurable.swift in Sources */ = {isa = PBXBuildFile; fileRef = 223FF55B224E1FD100D9C48A /* LocationManagerConfigurable.swift */; };
		223FF55D224E1FD100D9C48A /* LocationManagerConfigurable.swift in Sources */ = {isa = PBXBuildFile; fileRef = 223FF55B224E1FD100D9C48A /* LocationManagerConfigurable.swift */; };
		223FF55F224E201400D9C48A /* CLLocationManager+LocationManagerConfigurable.swift in Sources */ = {isa = PBXBuildFile; fileRef = 223FF55E224E201400D9C48A /* CLLocationManager+LocationManagerConfigurable.swift */; };
		223FF560224E201400D9C48A /* CLLocationManager+LocationManagerConfigurable.swift in Sources */ = {isa = PBXBuildFile; fileRef = 223FF55E224E201400D9C48A /* CLLocationManager+LocationManagerConfigurable.swift */; };
		223FF562224E207400D9C48A /* LocationProvider.swift in Sources */ = {isa = PBXBuildFile; fileRef = 223FF561224E207400D9C48A /* LocationProvider.swift */; };
		223FF563224E207400D9C48A /* LocationProvider.swift in Sources */ = {isa = PBXBuildFile; fileRef = 223FF561224E207400D9C48A /* LocationProvider.swift */; };
		223FF566224E20DF00D9C48A /* MockLocationProvider.swift in Sources */ = {isa = PBXBuildFile; fileRef = 223FF565224E20DF00D9C48A /* MockLocationProvider.swift */; };
		223FF567224E20DF00D9C48A /* MockLocationProvider.swift in Sources */ = {isa = PBXBuildFile; fileRef = 223FF565224E20DF00D9C48A /* MockLocationProvider.swift */; };
		223FF56A224E212300D9C48A /* LocationProviderTests.swift in Sources */ = {isa = PBXBuildFile; fileRef = 223FF568224E212300D9C48A /* LocationProviderTests.swift */; };
		223FF56D224E259000D9C48A /* ApiResourceProviding.swift in Sources */ = {isa = PBXBuildFile; fileRef = 223FF56C224E259000D9C48A /* ApiResourceProviding.swift */; };
		223FF56E224E259000D9C48A /* ApiResourceProviding.swift in Sources */ = {isa = PBXBuildFile; fileRef = 223FF56C224E259000D9C48A /* ApiResourceProviding.swift */; };
		223FF570224E25B900D9C48A /* NetworkRequestProviding.swift in Sources */ = {isa = PBXBuildFile; fileRef = 223FF56F224E25B900D9C48A /* NetworkRequestProviding.swift */; };
		223FF571224E25B900D9C48A /* NetworkRequestProviding.swift in Sources */ = {isa = PBXBuildFile; fileRef = 223FF56F224E25B900D9C48A /* NetworkRequestProviding.swift */; };
		223FF573224E263C00D9C48A /* NetworkRequestProviding+Default.swift in Sources */ = {isa = PBXBuildFile; fileRef = 223FF572224E263C00D9C48A /* NetworkRequestProviding+Default.swift */; };
		223FF574224E263C00D9C48A /* NetworkRequestProviding+Default.swift in Sources */ = {isa = PBXBuildFile; fileRef = 223FF572224E263C00D9C48A /* NetworkRequestProviding+Default.swift */; };
		223FF576224E265400D9C48A /* DateFormatter.swift in Sources */ = {isa = PBXBuildFile; fileRef = 223FF575224E265400D9C48A /* DateFormatter.swift */; };
		223FF577224E265400D9C48A /* DateFormatter.swift in Sources */ = {isa = PBXBuildFile; fileRef = 223FF575224E265400D9C48A /* DateFormatter.swift */; };
		223FF579224E269900D9C48A /* FlickrResource.swift in Sources */ = {isa = PBXBuildFile; fileRef = 223FF578224E269900D9C48A /* FlickrResource.swift */; };
		223FF57A224E269900D9C48A /* FlickrResource.swift in Sources */ = {isa = PBXBuildFile; fileRef = 223FF578224E269900D9C48A /* FlickrResource.swift */; };
		223FF57C224E26BD00D9C48A /* FlickrRequest.swift in Sources */ = {isa = PBXBuildFile; fileRef = 223FF57B224E26BD00D9C48A /* FlickrRequest.swift */; };
		223FF57D224E26BD00D9C48A /* FlickrRequest.swift in Sources */ = {isa = PBXBuildFile; fileRef = 223FF57B224E26BD00D9C48A /* FlickrRequest.swift */; };
		223FF57F224E272700D9C48A /* MockFlickrRequest.swift in Sources */ = {isa = PBXBuildFile; fileRef = 223FF57E224E272700D9C48A /* MockFlickrRequest.swift */; };
		223FF581224E27A300D9C48A /* ApiClientTests.swift in Sources */ = {isa = PBXBuildFile; fileRef = 223FF580224E27A300D9C48A /* ApiClientTests.swift */; };
		223FF586224E358300D9C48A /* PhotoStreamViewModelConfirming.swift in Sources */ = {isa = PBXBuildFile; fileRef = 223FF585224E358300D9C48A /* PhotoStreamViewModelConfirming.swift */; };
		223FF587224E358300D9C48A /* PhotoStreamViewModelConfirming.swift in Sources */ = {isa = PBXBuildFile; fileRef = 223FF585224E358300D9C48A /* PhotoStreamViewModelConfirming.swift */; };
		223FF589224E35A100D9C48A /* PhotoStreamViewModel.swift in Sources */ = {isa = PBXBuildFile; fileRef = 223FF588224E35A100D9C48A /* PhotoStreamViewModel.swift */; };
		223FF58A224E35A100D9C48A /* PhotoStreamViewModel.swift in Sources */ = {isa = PBXBuildFile; fileRef = 223FF588224E35A100D9C48A /* PhotoStreamViewModel.swift */; };
		223FF58C224E36AF00D9C48A /* PhotoStreamViewModelTests.swift in Sources */ = {isa = PBXBuildFile; fileRef = 223FF58B224E36AF00D9C48A /* PhotoStreamViewModelTests.swift */; };
		223FF58E224E36D500D9C48A /* MockViewController.swift in Sources */ = {isa = PBXBuildFile; fileRef = 223FF58D224E36D500D9C48A /* MockViewController.swift */; };
		223FF590224E3B2000D9C48A /* PhotoCollectionViewCell.swift in Sources */ = {isa = PBXBuildFile; fileRef = 223FF58F224E3B2000D9C48A /* PhotoCollectionViewCell.swift */; };
		2285AD1D224E40FB00688EE8 /* PhotoStreamViewModelInjectable.swift in Sources */ = {isa = PBXBuildFile; fileRef = 2285AD1C224E40FB00688EE8 /* PhotoStreamViewModelInjectable.swift */; };
		2285AD21224E447500688EE8 /* Bählin.gpx in Resources */ = {isa = PBXBuildFile; fileRef = 2285AD20224E447500688EE8 /* Bählin.gpx */; };
		2285AD24224E458500688EE8 /* PhotoStreamViewModelInjectable.swift in Sources */ = {isa = PBXBuildFile; fileRef = 2285AD1C224E40FB00688EE8 /* PhotoStreamViewModelInjectable.swift */; };
/* End PBXBuildFile section */

/* Begin PBXContainerItemProxy section */
		223FF521224E1B1400D9C48A /* PBXContainerItemProxy */ = {
			isa = PBXContainerItemProxy;
			containerPortal = 223FF504224E1B1200D9C48A /* Project object */;
			proxyType = 1;
			remoteGlobalIDString = 223FF50B224E1B1200D9C48A;
			remoteInfo = Walkabout;
		};
/* End PBXContainerItemProxy section */

/* Begin PBXCopyFilesBuildPhase section */
		223FF53A224E1DA700D9C48A /* CopyFiles */ = {
			isa = PBXCopyFilesBuildPhase;
			buildActionMask = 2147483647;
			dstPath = "";
			dstSubfolderSpec = 10;
			files = (
				223FF53B224E1DB000D9C48A /* Kingfisher.framework in CopyFiles */,
				223FF53C224E1DB000D9C48A /* RxCocoa.framework in CopyFiles */,
				223FF53D224E1DB000D9C48A /* RxSwift.framework in CopyFiles */,
			);
			runOnlyForDeploymentPostprocessing = 0;
		};
		223FF54D224E1DDC00D9C48A /* CopyFiles */ = {
			isa = PBXCopyFilesBuildPhase;
			buildActionMask = 2147483647;
			dstPath = "";
			dstSubfolderSpec = 10;
			files = (
				223FF54E224E1DE600D9C48A /* Nimble.framework in CopyFiles */,
				223FF54F224E1DE600D9C48A /* OHHTTPStubs.framework in CopyFiles */,
				223FF550224E1DE600D9C48A /* Quick.framework in CopyFiles */,
				223FF551224E1DE600D9C48A /* RxAtomic.framework in CopyFiles */,
				223FF552224E1DE600D9C48A /* RxBlocking.framework in CopyFiles */,
				223FF553224E1DE600D9C48A /* RxTest.framework in CopyFiles */,
				223FF554224E1DE600D9C48A /* Kingfisher.framework in CopyFiles */,
				223FF555224E1DE600D9C48A /* RxCocoa.framework in CopyFiles */,
				223FF556224E1DE600D9C48A /* RxSwift.framework in CopyFiles */,
			);
			runOnlyForDeploymentPostprocessing = 0;
		};
/* End PBXCopyFilesBuildPhase section */

/* Begin PBXFileReference section */
		223FF50C224E1B1200D9C48A /* Walkabout.app */ = {isa = PBXFileReference; explicitFileType = wrapper.application; includeInIndex = 0; path = Walkabout.app; sourceTree = BUILT_PRODUCTS_DIR; };
		223FF50F224E1B1200D9C48A /* AppDelegate.swift */ = {isa = PBXFileReference; lastKnownFileType = sourcecode.swift; path = AppDelegate.swift; sourceTree = "<group>"; };
		223FF511224E1B1200D9C48A /* PhotoStreamViewController.swift */ = {isa = PBXFileReference; lastKnownFileType = sourcecode.swift; path = PhotoStreamViewController.swift; sourceTree = "<group>"; };
		223FF514224E1B1200D9C48A /* Base */ = {isa = PBXFileReference; lastKnownFileType = file.storyboard; name = Base; path = Base.lproj/Main.storyboard; sourceTree = "<group>"; };
		223FF516224E1B1300D9C48A /* Assets.xcassets */ = {isa = PBXFileReference; lastKnownFileType = folder.assetcatalog; path = Assets.xcassets; sourceTree = "<group>"; };
		223FF519224E1B1300D9C48A /* Base */ = {isa = PBXFileReference; lastKnownFileType = file.storyboard; name = Base; path = Base.lproj/LaunchScreen.storyboard; sourceTree = "<group>"; };
		223FF51B224E1B1300D9C48A /* Info.plist */ = {isa = PBXFileReference; lastKnownFileType = text.plist.xml; path = Info.plist; sourceTree = "<group>"; };
		223FF520224E1B1300D9C48A /* WalkaboutTests.xctest */ = {isa = PBXFileReference; explicitFileType = wrapper.cfbundle; includeInIndex = 0; path = WalkaboutTests.xctest; sourceTree = BUILT_PRODUCTS_DIR; };
		223FF524224E1B1400D9C48A /* WalkaboutTests.swift */ = {isa = PBXFileReference; lastKnownFileType = sourcecode.swift; path = WalkaboutTests.swift; sourceTree = "<group>"; };
		223FF526224E1B1400D9C48A /* Info.plist */ = {isa = PBXFileReference; lastKnownFileType = text.plist.xml; path = Info.plist; sourceTree = "<group>"; };
		223FF530224E1C1800D9C48A /* Photo.swift */ = {isa = PBXFileReference; lastKnownFileType = sourcecode.swift; path = Photo.swift; sourceTree = "<group>"; };
		223FF534224E1DA400D9C48A /* RxSwift.framework */ = {isa = PBXFileReference; lastKnownFileType = wrapper.framework; name = RxSwift.framework; path = Carthage/Build/iOS/RxSwift.framework; sourceTree = "<group>"; };
		223FF535224E1DA400D9C48A /* Kingfisher.framework */ = {isa = PBXFileReference; lastKnownFileType = wrapper.framework; name = Kingfisher.framework; path = Carthage/Build/iOS/Kingfisher.framework; sourceTree = "<group>"; };
		223FF536224E1DA400D9C48A /* RxCocoa.framework */ = {isa = PBXFileReference; lastKnownFileType = wrapper.framework; name = RxCocoa.framework; path = Carthage/Build/iOS/RxCocoa.framework; sourceTree = "<group>"; };
		223FF541224E1DD800D9C48A /* OHHTTPStubs.framework */ = {isa = PBXFileReference; lastKnownFileType = wrapper.framework; name = OHHTTPStubs.framework; path = Carthage/Build/iOS/OHHTTPStubs.framework; sourceTree = "<group>"; };
		223FF542224E1DD800D9C48A /* RxAtomic.framework */ = {isa = PBXFileReference; lastKnownFileType = wrapper.framework; name = RxAtomic.framework; path = Carthage/Build/iOS/RxAtomic.framework; sourceTree = "<group>"; };
		223FF543224E1DD800D9C48A /* Quick.framework */ = {isa = PBXFileReference; lastKnownFileType = wrapper.framework; name = Quick.framework; path = Carthage/Build/iOS/Quick.framework; sourceTree = "<group>"; };
		223FF544224E1DD800D9C48A /* RxBlocking.framework */ = {isa = PBXFileReference; lastKnownFileType = wrapper.framework; name = RxBlocking.framework; path = Carthage/Build/iOS/RxBlocking.framework; sourceTree = "<group>"; };
		223FF545224E1DD800D9C48A /* RxTest.framework */ = {isa = PBXFileReference; lastKnownFileType = wrapper.framework; name = RxTest.framework; path = Carthage/Build/iOS/RxTest.framework; sourceTree = "<group>"; };
		223FF546224E1DD800D9C48A /* Nimble.framework */ = {isa = PBXFileReference; lastKnownFileType = wrapper.framework; name = Nimble.framework; path = Carthage/Build/iOS/Nimble.framework; sourceTree = "<group>"; };
		223FF558224E1F9800D9C48A /* LocationProvidable.swift */ = {isa = PBXFileReference; lastKnownFileType = sourcecode.swift; path = LocationProvidable.swift; sourceTree = "<group>"; };
		223FF55B224E1FD100D9C48A /* LocationManagerConfigurable.swift */ = {isa = PBXFileReference; lastKnownFileType = sourcecode.swift; path = LocationManagerConfigurable.swift; sourceTree = "<group>"; };
		223FF55E224E201400D9C48A /* CLLocationManager+LocationManagerConfigurable.swift */ = {isa = PBXFileReference; lastKnownFileType = sourcecode.swift; path = "CLLocationManager+LocationManagerConfigurable.swift"; sourceTree = "<group>"; };
		223FF561224E207400D9C48A /* LocationProvider.swift */ = {isa = PBXFileReference; lastKnownFileType = sourcecode.swift; path = LocationProvider.swift; sourceTree = "<group>"; };
		223FF565224E20DF00D9C48A /* MockLocationProvider.swift */ = {isa = PBXFileReference; lastKnownFileType = sourcecode.swift; path = MockLocationProvider.swift; sourceTree = "<group>"; };
		223FF568224E212300D9C48A /* LocationProviderTests.swift */ = {isa = PBXFileReference; lastKnownFileType = sourcecode.swift; path = LocationProviderTests.swift; sourceTree = "<group>"; };
		223FF56C224E259000D9C48A /* ApiResourceProviding.swift */ = {isa = PBXFileReference; lastKnownFileType = sourcecode.swift; path = ApiResourceProviding.swift; sourceTree = "<group>"; };
		223FF56F224E25B900D9C48A /* NetworkRequestProviding.swift */ = {isa = PBXFileReference; lastKnownFileType = sourcecode.swift; path = NetworkRequestProviding.swift; sourceTree = "<group>"; };
		223FF572224E263C00D9C48A /* NetworkRequestProviding+Default.swift */ = {isa = PBXFileReference; lastKnownFileType = sourcecode.swift; path = "NetworkRequestProviding+Default.swift"; sourceTree = "<group>"; };
		223FF575224E265400D9C48A /* DateFormatter.swift */ = {isa = PBXFileReference; lastKnownFileType = sourcecode.swift; path = DateFormatter.swift; sourceTree = "<group>"; };
		223FF578224E269900D9C48A /* FlickrResource.swift */ = {isa = PBXFileReference; lastKnownFileType = sourcecode.swift; path = FlickrResource.swift; sourceTree = "<group>"; };
		223FF57B224E26BD00D9C48A /* FlickrRequest.swift */ = {isa = PBXFileReference; lastKnownFileType = sourcecode.swift; path = FlickrRequest.swift; sourceTree = "<group>"; };
		223FF57E224E272700D9C48A /* MockFlickrRequest.swift */ = {isa = PBXFileReference; lastKnownFileType = sourcecode.swift; path = MockFlickrRequest.swift; sourceTree = "<group>"; };
		223FF580224E27A300D9C48A /* ApiClientTests.swift */ = {isa = PBXFileReference; lastKnownFileType = sourcecode.swift; path = ApiClientTests.swift; sourceTree = "<group>"; };
		223FF585224E358300D9C48A /* PhotoStreamViewModelConfirming.swift */ = {isa = PBXFileReference; lastKnownFileType = sourcecode.swift; path = PhotoStreamViewModelConfirming.swift; sourceTree = "<group>"; };
		223FF588224E35A100D9C48A /* PhotoStreamViewModel.swift */ = {isa = PBXFileReference; lastKnownFileType = sourcecode.swift; path = PhotoStreamViewModel.swift; sourceTree = "<group>"; };
		223FF58B224E36AF00D9C48A /* PhotoStreamViewModelTests.swift */ = {isa = PBXFileReference; lastKnownFileType = sourcecode.swift; path = PhotoStreamViewModelTests.swift; sourceTree = "<group>"; };
		223FF58D224E36D500D9C48A /* MockViewController.swift */ = {isa = PBXFileReference; lastKnownFileType = sourcecode.swift; path = MockViewController.swift; sourceTree = "<group>"; };
		223FF58F224E3B2000D9C48A /* PhotoCollectionViewCell.swift */ = {isa = PBXFileReference; lastKnownFileType = sourcecode.swift; path = PhotoCollectionViewCell.swift; sourceTree = "<group>"; };
		2285AD1C224E40FB00688EE8 /* PhotoStreamViewModelInjectable.swift */ = {isa = PBXFileReference; lastKnownFileType = sourcecode.swift; path = PhotoStreamViewModelInjectable.swift; sourceTree = "<group>"; };
		2285AD20224E447500688EE8 /* Bählin.gpx */ = {isa = PBXFileReference; fileEncoding = 4; lastKnownFileType = text.xml; path = "Bählin.gpx"; sourceTree = "<group>"; };
/* End PBXFileReference section */

/* Begin PBXFrameworksBuildPhase section */
		223FF509224E1B1200D9C48A /* Frameworks */ = {
			isa = PBXFrameworksBuildPhase;
			buildActionMask = 2147483647;
			files = (
				223FF537224E1DA400D9C48A /* RxSwift.framework in Frameworks */,
				223FF538224E1DA400D9C48A /* Kingfisher.framework in Frameworks */,
				223FF539224E1DA400D9C48A /* RxCocoa.framework in Frameworks */,
			);
			runOnlyForDeploymentPostprocessing = 0;
		};
		223FF51D224E1B1300D9C48A /* Frameworks */ = {
			isa = PBXFrameworksBuildPhase;
			buildActionMask = 2147483647;
			files = (
				223FF547224E1DD800D9C48A /* OHHTTPStubs.framework in Frameworks */,
				223FF548224E1DD800D9C48A /* RxAtomic.framework in Frameworks */,
				223FF549224E1DD800D9C48A /* Quick.framework in Frameworks */,
				223FF54A224E1DD800D9C48A /* RxBlocking.framework in Frameworks */,
				223FF54B224E1DD800D9C48A /* RxTest.framework in Frameworks */,
				223FF54C224E1DD800D9C48A /* Nimble.framework in Frameworks */,
				223FF53E224E1DD800D9C48A /* Kingfisher.framework in Frameworks */,
				223FF53F224E1DD800D9C48A /* RxSwift.framework in Frameworks */,
				223FF540224E1DD800D9C48A /* RxCocoa.framework in Frameworks */,
			);
			runOnlyForDeploymentPostprocessing = 0;
		};
/* End PBXFrameworksBuildPhase section */

/* Begin PBXGroup section */
		223FF503224E1B1200D9C48A = {
			isa = PBXGroup;
			children = (
				223FF50E224E1B1200D9C48A /* Walkabout */,
				223FF523224E1B1400D9C48A /* WalkaboutTests */,
				223FF50D224E1B1200D9C48A /* Products */,
				223FF533224E1DA400D9C48A /* Frameworks */,
			);
			sourceTree = "<group>";
		};
		223FF50D224E1B1200D9C48A /* Products */ = {
			isa = PBXGroup;
			children = (
				223FF50C224E1B1200D9C48A /* Walkabout.app */,
				223FF520224E1B1300D9C48A /* WalkaboutTests.xctest */,
			);
			name = Products;
			sourceTree = "<group>";
		};
		223FF50E224E1B1200D9C48A /* Walkabout */ = {
			isa = PBXGroup;
			children = (
				2285AD22224E449900688EE8 /* Resources */,
				2285AD1B224E40EC00688EE8 /* Dependencies */,
				223FF584224E356800D9C48A /* ViewModels */,
				223FF56B224E24B100D9C48A /* Network */,
				223FF557224E1F4800D9C48A /* Location */,
				223FF52F224E1BEE00D9C48A /* Models */,
				2285AD1E224E443D00688EE8 /* ViewControllers */,
				2285AD23224E44AE00688EE8 /* Views */,
				223FF513224E1B1200D9C48A /* Main.storyboard */,
				223FF518224E1B1300D9C48A /* LaunchScreen.storyboard */,
				223FF50F224E1B1200D9C48A /* AppDelegate.swift */,
			);
			path = Walkabout;
			sourceTree = "<group>";
		};
		223FF523224E1B1400D9C48A /* WalkaboutTests */ = {
			isa = PBXGroup;
			children = (
				223FF526224E1B1400D9C48A /* Info.plist */,
				223FF564224E20CB00D9C48A /* Mocks */,
				223FF524224E1B1400D9C48A /* WalkaboutTests.swift */,
				223FF568224E212300D9C48A /* LocationProviderTests.swift */,
				223FF580224E27A300D9C48A /* ApiClientTests.swift */,
				223FF58B224E36AF00D9C48A /* PhotoStreamViewModelTests.swift */,
			);
			path = WalkaboutTests;
			sourceTree = "<group>";
		};
		223FF52F224E1BEE00D9C48A /* Models */ = {
			isa = PBXGroup;
			children = (
				223FF530224E1C1800D9C48A /* Photo.swift */,
			);
			path = Models;
			sourceTree = "<group>";
		};
		223FF533224E1DA400D9C48A /* Frameworks */ = {
			isa = PBXGroup;
			children = (
				223FF546224E1DD800D9C48A /* Nimble.framework */,
				223FF541224E1DD800D9C48A /* OHHTTPStubs.framework */,
				223FF543224E1DD800D9C48A /* Quick.framework */,
				223FF542224E1DD800D9C48A /* RxAtomic.framework */,
				223FF544224E1DD800D9C48A /* RxBlocking.framework */,
				223FF545224E1DD800D9C48A /* RxTest.framework */,
				223FF535224E1DA400D9C48A /* Kingfisher.framework */,
				223FF536224E1DA400D9C48A /* RxCocoa.framework */,
				223FF534224E1DA400D9C48A /* RxSwift.framework */,
			);
			name = Frameworks;
			sourceTree = "<group>";
		};
		223FF557224E1F4800D9C48A /* Location */ = {
			isa = PBXGroup;
			children = (
				223FF558224E1F9800D9C48A /* LocationProvidable.swift */,
				223FF55B224E1FD100D9C48A /* LocationManagerConfigurable.swift */,
				223FF55E224E201400D9C48A /* CLLocationManager+LocationManagerConfigurable.swift */,
				223FF561224E207400D9C48A /* LocationProvider.swift */,
			);
			path = Location;
			sourceTree = "<group>";
		};
		223FF564224E20CB00D9C48A /* Mocks */ = {
			isa = PBXGroup;
			children = (
				223FF565224E20DF00D9C48A /* MockLocationProvider.swift */,
				223FF57E224E272700D9C48A /* MockFlickrRequest.swift */,
				223FF58D224E36D500D9C48A /* MockViewController.swift */,
			);
			path = Mocks;
			sourceTree = "<group>";
		};
		223FF56B224E24B100D9C48A /* Network */ = {
			isa = PBXGroup;
			children = (
				223FF56C224E259000D9C48A /* ApiResourceProviding.swift */,
				223FF56F224E25B900D9C48A /* NetworkRequestProviding.swift */,
				223FF572224E263C00D9C48A /* NetworkRequestProviding+Default.swift */,
				223FF575224E265400D9C48A /* DateFormatter.swift */,
				223FF578224E269900D9C48A /* FlickrResource.swift */,
				223FF57B224E26BD00D9C48A /* FlickrRequest.swift */,
			);
			path = Network;
			sourceTree = "<group>";
		};
		223FF584224E356800D9C48A /* ViewModels */ = {
			isa = PBXGroup;
			children = (
				223FF585224E358300D9C48A /* PhotoStreamViewModelConfirming.swift */,
				223FF588224E35A100D9C48A /* PhotoStreamViewModel.swift */,
			);
			path = ViewModels;
			sourceTree = "<group>";
		};
		2285AD1B224E40EC00688EE8 /* Dependencies */ = {
			isa = PBXGroup;
			children = (
				2285AD1C224E40FB00688EE8 /* PhotoStreamViewModelInjectable.swift */,
			);
			path = Dependencies;
			sourceTree = "<group>";
		};
		2285AD1E224E443D00688EE8 /* ViewControllers */ = {
			isa = PBXGroup;
			children = (
				223FF511224E1B1200D9C48A /* PhotoStreamViewController.swift */,
			);
			path = ViewControllers;
			sourceTree = "<group>";
		};
		2285AD22224E449900688EE8 /* Resources */ = {
			isa = PBXGroup;
			children = (
				223FF51B224E1B1300D9C48A /* Info.plist */,
				223FF516224E1B1300D9C48A /* Assets.xcassets */,
				2285AD20224E447500688EE8 /* Bählin.gpx */,
			);
			name = Resources;
			sourceTree = "<group>";
		};
		2285AD23224E44AE00688EE8 /* Views */ = {
			isa = PBXGroup;
			children = (
				223FF58F224E3B2000D9C48A /* PhotoCollectionViewCell.swift */,
			);
			path = Views;
			sourceTree = "<group>";
		};
/* End PBXGroup section */

/* Begin PBXNativeTarget section */
		223FF50B224E1B1200D9C48A /* Walkabout */ = {
			isa = PBXNativeTarget;
			buildConfigurationList = 223FF529224E1B1400D9C48A /* Build configuration list for PBXNativeTarget "Walkabout" */;
			buildPhases = (
				223FF508224E1B1200D9C48A /* Sources */,
				223FF509224E1B1200D9C48A /* Frameworks */,
				223FF50A224E1B1200D9C48A /* Resources */,
				223FF53A224E1DA700D9C48A /* CopyFiles */,
			);
			buildRules = (
			);
			dependencies = (
			);
			name = Walkabout;
			productName = Walkabout;
			productReference = 223FF50C224E1B1200D9C48A /* Walkabout.app */;
			productType = "com.apple.product-type.application";
		};
		223FF51F224E1B1300D9C48A /* WalkaboutTests */ = {
			isa = PBXNativeTarget;
			buildConfigurationList = 223FF52C224E1B1400D9C48A /* Build configuration list for PBXNativeTarget "WalkaboutTests" */;
			buildPhases = (
				223FF51C224E1B1300D9C48A /* Sources */,
				223FF51D224E1B1300D9C48A /* Frameworks */,
				223FF51E224E1B1300D9C48A /* Resources */,
				223FF54D224E1DDC00D9C48A /* CopyFiles */,
			);
			buildRules = (
			);
			dependencies = (
				223FF522224E1B1400D9C48A /* PBXTargetDependency */,
			);
			name = WalkaboutTests;
			productName = WalkaboutTests;
			productReference = 223FF520224E1B1300D9C48A /* WalkaboutTests.xctest */;
			productType = "com.apple.product-type.bundle.unit-test";
		};
/* End PBXNativeTarget section */

/* Begin PBXProject section */
		223FF504224E1B1200D9C48A /* Project object */ = {
			isa = PBXProject;
			attributes = {
				LastSwiftUpdateCheck = 1020;
				LastUpgradeCheck = 1020;
				ORGANIZATIONNAME = de.shunya;
				TargetAttributes = {
					223FF50B224E1B1200D9C48A = {
						CreatedOnToolsVersion = 10.2;
						SystemCapabilities = {
							com.apple.BackgroundModes = {
								enabled = 1;
							};
						};
					};
					223FF51F224E1B1300D9C48A = {
						CreatedOnToolsVersion = 10.2;
					};
				};
			};
			buildConfigurationList = 223FF507224E1B1200D9C48A /* Build configuration list for PBXProject "Walkabout" */;
			compatibilityVersion = "Xcode 9.3";
			developmentRegion = en;
			hasScannedForEncodings = 0;
			knownRegions = (
				en,
				Base,
			);
			mainGroup = 223FF503224E1B1200D9C48A;
			productRefGroup = 223FF50D224E1B1200D9C48A /* Products */;
			projectDirPath = "";
			projectRoot = "";
			targets = (
				223FF50B224E1B1200D9C48A /* Walkabout */,
				223FF51F224E1B1300D9C48A /* WalkaboutTests */,
			);
		};
/* End PBXProject section */

/* Begin PBXResourcesBuildPhase section */
		223FF50A224E1B1200D9C48A /* Resources */ = {
			isa = PBXResourcesBuildPhase;
			buildActionMask = 2147483647;
			files = (
				223FF51A224E1B1300D9C48A /* LaunchScreen.storyboard in Resources */,
				223FF517224E1B1300D9C48A /* Assets.xcassets in Resources */,
				2285AD21224E447500688EE8 /* Bählin.gpx in Resources */,
				223FF515224E1B1200D9C48A /* Main.storyboard in Resources */,
			);
			runOnlyForDeploymentPostprocessing = 0;
		};
		223FF51E224E1B1300D9C48A /* Resources */ = {
			isa = PBXResourcesBuildPhase;
			buildActionMask = 2147483647;
			files = (
			);
			runOnlyForDeploymentPostprocessing = 0;
		};
/* End PBXResourcesBuildPhase section */

/* Begin PBXSourcesBuildPhase section */
		223FF508224E1B1200D9C48A /* Sources */ = {
			isa = PBXSourcesBuildPhase;
			buildActionMask = 2147483647;
			files = (
				223FF576224E265400D9C48A /* DateFormatter.swift in Sources */,
				223FF559224E1F9800D9C48A /* LocationProvidable.swift in Sources */,
				223FF55F224E201400D9C48A /* CLLocationManager+LocationManagerConfigurable.swift in Sources */,
				223FF531224E1C1800D9C48A /* Photo.swift in Sources */,
				223FF590224E3B2000D9C48A /* PhotoCollectionViewCell.swift in Sources */,
				223FF586224E358300D9C48A /* PhotoStreamViewModelConfirming.swift in Sources */,
				223FF573224E263C00D9C48A /* NetworkRequestProviding+Default.swift in Sources */,
				2285AD1D224E40FB00688EE8 /* PhotoStreamViewModelInjectable.swift in Sources */,
				223FF566224E20DF00D9C48A /* MockLocationProvider.swift in Sources */,
				223FF589224E35A100D9C48A /* PhotoStreamViewModel.swift in Sources */,
				223FF55C224E1FD100D9C48A /* LocationManagerConfigurable.swift in Sources */,
				223FF579224E269900D9C48A /* FlickrResource.swift in Sources */,
				223FF57C224E26BD00D9C48A /* FlickrRequest.swift in Sources */,
				223FF570224E25B900D9C48A /* NetworkRequestProviding.swift in Sources */,
				223FF56D224E259000D9C48A /* ApiResourceProviding.swift in Sources */,
				223FF512224E1B1200D9C48A /* PhotoStreamViewController.swift in Sources */,
				223FF510224E1B1200D9C48A /* AppDelegate.swift in Sources */,
				223FF562224E207400D9C48A /* LocationProvider.swift in Sources */,
			);
			runOnlyForDeploymentPostprocessing = 0;
		};
		223FF51C224E1B1300D9C48A /* Sources */ = {
			isa = PBXSourcesBuildPhase;
			buildActionMask = 2147483647;
			files = (
				2285AD24224E458500688EE8 /* PhotoStreamViewModelInjectable.swift in Sources */,
				223FF58E224E36D500D9C48A /* MockViewController.swift in Sources */,
				223FF577224E265400D9C48A /* DateFormatter.swift in Sources */,
				223FF560224E201400D9C48A /* CLLocationManager+LocationManagerConfigurable.swift in Sources */,
				223FF55A224E1F9800D9C48A /* LocationProvidable.swift in Sources */,
				223FF532224E1C1800D9C48A /* Photo.swift in Sources */,
				223FF574224E263C00D9C48A /* NetworkRequestProviding+Default.swift in Sources */,
				223FF567224E20DF00D9C48A /* MockLocationProvider.swift in Sources */,
				223FF563224E207400D9C48A /* LocationProvider.swift in Sources */,
				223FF57A224E269900D9C48A /* FlickrResource.swift in Sources */,
				223FF57D224E26BD00D9C48A /* FlickrRequest.swift in Sources */,
				223FF571224E25B900D9C48A /* NetworkRequestProviding.swift in Sources */,
				223FF57F224E272700D9C48A /* MockFlickrRequest.swift in Sources */,
				223FF58C224E36AF00D9C48A /* PhotoStreamViewModelTests.swift in Sources */,
				223FF587224E358300D9C48A /* PhotoStreamViewModelConfirming.swift in Sources */,
				223FF581224E27A300D9C48A /* ApiClientTests.swift in Sources */,
				223FF56E224E259000D9C48A /* ApiResourceProviding.swift in Sources */,
				223FF56A224E212300D9C48A /* LocationProviderTests.swift in Sources */,
				223FF58A224E35A100D9C48A /* PhotoStreamViewModel.swift in Sources */,
				223FF525224E1B1400D9C48A /* WalkaboutTests.swift in Sources */,
				223FF55D224E1FD100D9C48A /* LocationManagerConfigurable.swift in Sources */,
			);
			runOnlyForDeploymentPostprocessing = 0;
		};
/* End PBXSourcesBuildPhase section */

/* Begin PBXTargetDependency section */
		223FF522224E1B1400D9C48A /* PBXTargetDependency */ = {
			isa = PBXTargetDependency;
			target = 223FF50B224E1B1200D9C48A /* Walkabout */;
			targetProxy = 223FF521224E1B1400D9C48A /* PBXContainerItemProxy */;
		};
/* End PBXTargetDependency section */

/* Begin PBXVariantGroup section */
		223FF513224E1B1200D9C48A /* Main.storyboard */ = {
			isa = PBXVariantGroup;
			children = (
				223FF514224E1B1200D9C48A /* Base */,
			);
			name = Main.storyboard;
			sourceTree = "<group>";
		};
		223FF518224E1B1300D9C48A /* LaunchScreen.storyboard */ = {
			isa = PBXVariantGroup;
			children = (
				223FF519224E1B1300D9C48A /* Base */,
			);
			name = LaunchScreen.storyboard;
			sourceTree = "<group>";
		};
/* End PBXVariantGroup section */

/* Begin XCBuildConfiguration section */
		223FF527224E1B1400D9C48A /* Debug */ = {
			isa = XCBuildConfiguration;
			buildSettings = {
				ALWAYS_SEARCH_USER_PATHS = NO;
				CLANG_ANALYZER_NONNULL = YES;
				CLANG_ANALYZER_NUMBER_OBJECT_CONVERSION = YES_AGGRESSIVE;
				CLANG_CXX_LANGUAGE_STANDARD = "gnu++14";
				CLANG_CXX_LIBRARY = "libc++";
				CLANG_ENABLE_MODULES = YES;
				CLANG_ENABLE_OBJC_ARC = YES;
				CLANG_ENABLE_OBJC_WEAK = YES;
				CLANG_WARN_BLOCK_CAPTURE_AUTORELEASING = YES;
				CLANG_WARN_BOOL_CONVERSION = YES;
				CLANG_WARN_COMMA = YES;
				CLANG_WARN_CONSTANT_CONVERSION = YES;
				CLANG_WARN_DEPRECATED_OBJC_IMPLEMENTATIONS = YES;
				CLANG_WARN_DIRECT_OBJC_ISA_USAGE = YES_ERROR;
				CLANG_WARN_DOCUMENTATION_COMMENTS = YES;
				CLANG_WARN_EMPTY_BODY = YES;
				CLANG_WARN_ENUM_CONVERSION = YES;
				CLANG_WARN_INFINITE_RECURSION = YES;
				CLANG_WARN_INT_CONVERSION = YES;
				CLANG_WARN_NON_LITERAL_NULL_CONVERSION = YES;
				CLANG_WARN_OBJC_IMPLICIT_RETAIN_SELF = YES;
				CLANG_WARN_OBJC_LITERAL_CONVERSION = YES;
				CLANG_WARN_OBJC_ROOT_CLASS = YES_ERROR;
				CLANG_WARN_RANGE_LOOP_ANALYSIS = YES;
				CLANG_WARN_STRICT_PROTOTYPES = YES;
				CLANG_WARN_SUSPICIOUS_MOVE = YES;
				CLANG_WARN_UNGUARDED_AVAILABILITY = YES_AGGRESSIVE;
				CLANG_WARN_UNREACHABLE_CODE = YES;
				CLANG_WARN__DUPLICATE_METHOD_MATCH = YES;
				CODE_SIGN_IDENTITY = "iPhone Developer";
				COPY_PHASE_STRIP = NO;
				DEBUG_INFORMATION_FORMAT = dwarf;
				ENABLE_STRICT_OBJC_MSGSEND = YES;
				ENABLE_TESTABILITY = YES;
				GCC_C_LANGUAGE_STANDARD = gnu11;
				GCC_DYNAMIC_NO_PIC = NO;
				GCC_NO_COMMON_BLOCKS = YES;
				GCC_OPTIMIZATION_LEVEL = 0;
				GCC_PREPROCESSOR_DEFINITIONS = (
					"DEBUG=1",
					"$(inherited)",
				);
				GCC_WARN_64_TO_32_BIT_CONVERSION = YES;
				GCC_WARN_ABOUT_RETURN_TYPE = YES_ERROR;
				GCC_WARN_UNDECLARED_SELECTOR = YES;
				GCC_WARN_UNINITIALIZED_AUTOS = YES_AGGRESSIVE;
				GCC_WARN_UNUSED_FUNCTION = YES;
				GCC_WARN_UNUSED_VARIABLE = YES;
				IPHONEOS_DEPLOYMENT_TARGET = 12.2;
				MTL_ENABLE_DEBUG_INFO = INCLUDE_SOURCE;
				MTL_FAST_MATH = YES;
				ONLY_ACTIVE_ARCH = YES;
				SDKROOT = iphoneos;
				SWIFT_ACTIVE_COMPILATION_CONDITIONS = DEBUG;
				SWIFT_OPTIMIZATION_LEVEL = "-Onone";
			};
			name = Debug;
		};
		223FF528224E1B1400D9C48A /* Release */ = {
			isa = XCBuildConfiguration;
			buildSettings = {
				ALWAYS_SEARCH_USER_PATHS = NO;
				CLANG_ANALYZER_NONNULL = YES;
				CLANG_ANALYZER_NUMBER_OBJECT_CONVERSION = YES_AGGRESSIVE;
				CLANG_CXX_LANGUAGE_STANDARD = "gnu++14";
				CLANG_CXX_LIBRARY = "libc++";
				CLANG_ENABLE_MODULES = YES;
				CLANG_ENABLE_OBJC_ARC = YES;
				CLANG_ENABLE_OBJC_WEAK = YES;
				CLANG_WARN_BLOCK_CAPTURE_AUTORELEASING = YES;
				CLANG_WARN_BOOL_CONVERSION = YES;
				CLANG_WARN_COMMA = YES;
				CLANG_WARN_CONSTANT_CONVERSION = YES;
				CLANG_WARN_DEPRECATED_OBJC_IMPLEMENTATIONS = YES;
				CLANG_WARN_DIRECT_OBJC_ISA_USAGE = YES_ERROR;
				CLANG_WARN_DOCUMENTATION_COMMENTS = YES;
				CLANG_WARN_EMPTY_BODY = YES;
				CLANG_WARN_ENUM_CONVERSION = YES;
				CLANG_WARN_INFINITE_RECURSION = YES;
				CLANG_WARN_INT_CONVERSION = YES;
				CLANG_WARN_NON_LITERAL_NULL_CONVERSION = YES;
				CLANG_WARN_OBJC_IMPLICIT_RETAIN_SELF = YES;
				CLANG_WARN_OBJC_LITERAL_CONVERSION = YES;
				CLANG_WARN_OBJC_ROOT_CLASS = YES_ERROR;
				CLANG_WARN_RANGE_LOOP_ANALYSIS = YES;
				CLANG_WARN_STRICT_PROTOTYPES = YES;
				CLANG_WARN_SUSPICIOUS_MOVE = YES;
				CLANG_WARN_UNGUARDED_AVAILABILITY = YES_AGGRESSIVE;
				CLANG_WARN_UNREACHABLE_CODE = YES;
				CLANG_WARN__DUPLICATE_METHOD_MATCH = YES;
				CODE_SIGN_IDENTITY = "iPhone Developer";
				COPY_PHASE_STRIP = NO;
				DEBUG_INFORMATION_FORMAT = "dwarf-with-dsym";
				ENABLE_NS_ASSERTIONS = NO;
				ENABLE_STRICT_OBJC_MSGSEND = YES;
				GCC_C_LANGUAGE_STANDARD = gnu11;
				GCC_NO_COMMON_BLOCKS = YES;
				GCC_WARN_64_TO_32_BIT_CONVERSION = YES;
				GCC_WARN_ABOUT_RETURN_TYPE = YES_ERROR;
				GCC_WARN_UNDECLARED_SELECTOR = YES;
				GCC_WARN_UNINITIALIZED_AUTOS = YES_AGGRESSIVE;
				GCC_WARN_UNUSED_FUNCTION = YES;
				GCC_WARN_UNUSED_VARIABLE = YES;
				IPHONEOS_DEPLOYMENT_TARGET = 12.2;
				MTL_ENABLE_DEBUG_INFO = NO;
				MTL_FAST_MATH = YES;
				SDKROOT = iphoneos;
				SWIFT_COMPILATION_MODE = wholemodule;
				SWIFT_OPTIMIZATION_LEVEL = "-O";
				VALIDATE_PRODUCT = YES;
			};
			name = Release;
		};
		223FF52A224E1B1400D9C48A /* Debug */ = {
			isa = XCBuildConfiguration;
			buildSettings = {
				ASSETCATALOG_COMPILER_APPICON_NAME = AppIcon;
				CODE_SIGN_STYLE = Automatic;
				DEVELOPMENT_TEAM = CWXKC246LH;
				FRAMEWORK_SEARCH_PATHS = (
					"$(inherited)",
					"$(PROJECT_DIR)/Carthage/Build/iOS",
				);
				INFOPLIST_FILE = Walkabout/Info.plist;
				LD_RUNPATH_SEARCH_PATHS = (
					"$(inherited)",
					"@executable_path/Frameworks",
				);
				PRODUCT_BUNDLE_IDENTIFIER = de.shunya.app.Walkabout;
				PRODUCT_NAME = "$(TARGET_NAME)";
				SWIFT_VERSION = 5.0;
				TARGETED_DEVICE_FAMILY = "1,2";
			};
			name = Debug;
		};
		223FF52B224E1B1400D9C48A /* Release */ = {
			isa = XCBuildConfiguration;
			buildSettings = {
				ASSETCATALOG_COMPILER_APPICON_NAME = AppIcon;
				CODE_SIGN_STYLE = Automatic;
				DEVELOPMENT_TEAM = CWXKC246LH;
				FRAMEWORK_SEARCH_PATHS = (
					"$(inherited)",
					"$(PROJECT_DIR)/Carthage/Build/iOS",
				);
				INFOPLIST_FILE = Walkabout/Info.plist;
				LD_RUNPATH_SEARCH_PATHS = (
					"$(inherited)",
					"@executable_path/Frameworks",
				);
				PRODUCT_BUNDLE_IDENTIFIER = de.shunya.app.Walkabout;
				PRODUCT_NAME = "$(TARGET_NAME)";
				SWIFT_VERSION = 5.0;
				TARGETED_DEVICE_FAMILY = "1,2";
			};
			name = Release;
		};
		223FF52D224E1B1400D9C48A /* Debug */ = {
			isa = XCBuildConfiguration;
			buildSettings = {
				ALWAYS_EMBED_SWIFT_STANDARD_LIBRARIES = YES;
				CODE_SIGN_STYLE = Automatic;
				DEVELOPMENT_TEAM = CWXKC246LH;
				FRAMEWORK_SEARCH_PATHS = (
					"$(inherited)",
					"$(PROJECT_DIR)/Carthage/Build/iOS",
				);
				INFOPLIST_FILE = WalkaboutTests/Info.plist;
				LD_RUNPATH_SEARCH_PATHS = (
					"$(inherited)",
					"@executable_path/Frameworks",
					"@loader_path/Frameworks",
				);
				PRODUCT_BUNDLE_IDENTIFIER = de.shunya.app.WalkaboutTests;
				PRODUCT_NAME = "$(TARGET_NAME)";
				SWIFT_VERSION = 5.0;
				TARGETED_DEVICE_FAMILY = "1,2";
			};
			name = Debug;
		};
		223FF52E224E1B1400D9C48A /* Release */ = {
			isa = XCBuildConfiguration;
			buildSettings = {
				ALWAYS_EMBED_SWIFT_STANDARD_LIBRARIES = YES;
				CODE_SIGN_STYLE = Automatic;
				DEVELOPMENT_TEAM = CWXKC246LH;
				FRAMEWORK_SEARCH_PATHS = (
					"$(inherited)",
					"$(PROJECT_DIR)/Carthage/Build/iOS",
				);
				INFOPLIST_FILE = WalkaboutTests/Info.plist;
				LD_RUNPATH_SEARCH_PATHS = (
					"$(inherited)",
					"@executable_path/Frameworks",
					"@loader_path/Frameworks",
				);
				PRODUCT_BUNDLE_IDENTIFIER = de.shunya.app.WalkaboutTests;
				PRODUCT_NAME = "$(TARGET_NAME)";
				SWIFT_VERSION = 5.0;
				TARGETED_DEVICE_FAMILY = "1,2";
			};
			name = Release;
		};
/* End XCBuildConfiguration section */

/* Begin XCConfigurationList section */
		223FF507224E1B1200D9C48A /* Build configuration list for PBXProject "Walkabout" */ = {
			isa = XCConfigurationList;
			buildConfigurations = (
				223FF527224E1B1400D9C48A /* Debug */,
				223FF528224E1B1400D9C48A /* Release */,
			);
			defaultConfigurationIsVisible = 0;
			defaultConfigurationName = Release;
		};
		223FF529224E1B1400D9C48A /* Build configuration list for PBXNativeTarget "Walkabout" */ = {
			isa = XCConfigurationList;
			buildConfigurations = (
				223FF52A224E1B1400D9C48A /* Debug */,
				223FF52B224E1B1400D9C48A /* Release */,
			);
			defaultConfigurationIsVisible = 0;
			defaultConfigurationName = Release;
		};
		223FF52C224E1B1400D9C48A /* Build configuration list for PBXNativeTarget "WalkaboutTests" */ = {
			isa = XCConfigurationList;
			buildConfigurations = (
				223FF52D224E1B1400D9C48A /* Debug */,
				223FF52E224E1B1400D9C48A /* Release */,
			);
			defaultConfigurationIsVisible = 0;
			defaultConfigurationName = Release;
		};
/* End XCConfigurationList section */
	};
	rootObject = 223FF504224E1B1200D9C48A /* Project object */;
}
